// !$*UTF8*$!
{
	archiveVersion = 1;
	classes = {
	};
	objectVersion = 46;
	objects = {

/* Begin PBXBuildFile section */
		5630304D18FC2B73000699E9 /* FBSEntityManager.m in Sources */ = {isa = PBXBuildFile; fileRef = 5630304C18FC2B73000699E9 /* FBSEntityManager.m */; };
		5635747E191ADCD600C3AF29 /* FBSURLConnection.m in Sources */ = {isa = PBXBuildFile; fileRef = 5635747D191ADCD600C3AF29 /* FBSURLConnection.m */; };
		56357481191AE3D500C3AF29 /* FBSApiPendingRequest.m in Sources */ = {isa = PBXBuildFile; fileRef = 56357480191AE3D500C3AF29 /* FBSApiPendingRequest.m */; };
		566A4E7119055A3600400136 /* FBSNode.m in Sources */ = {isa = PBXBuildFile; fileRef = 566A4E7019055A3600400136 /* FBSNode.m */; };
		5682E38218E5D5B200522958 /* Foundation.framework in Frameworks */ = {isa = PBXBuildFile; fileRef = 5682E38118E5D5B200522958 /* Foundation.framework */; };
		5682E38418E5D5B200522958 /* CoreGraphics.framework in Frameworks */ = {isa = PBXBuildFile; fileRef = 5682E38318E5D5B200522958 /* CoreGraphics.framework */; };
		5682E38618E5D5B200522958 /* UIKit.framework in Frameworks */ = {isa = PBXBuildFile; fileRef = 5682E38518E5D5B200522958 /* UIKit.framework */; };
		5682E38C18E5D5B200522958 /* InfoPlist.strings in Resources */ = {isa = PBXBuildFile; fileRef = 5682E38A18E5D5B200522958 /* InfoPlist.strings */; };
		5682E38E18E5D5B200522958 /* main.m in Sources */ = {isa = PBXBuildFile; fileRef = 5682E38D18E5D5B200522958 /* main.m */; };
		5682E39218E5D5B200522958 /* AppDelegate.m in Sources */ = {isa = PBXBuildFile; fileRef = 5682E39118E5D5B200522958 /* AppDelegate.m */; };
		5682E39418E5D5B200522958 /* Images.xcassets in Resources */ = {isa = PBXBuildFile; fileRef = 5682E39318E5D5B200522958 /* Images.xcassets */; };
		5682E39B18E5D5B300522958 /* XCTest.framework in Frameworks */ = {isa = PBXBuildFile; fileRef = 5682E39A18E5D5B300522958 /* XCTest.framework */; };
		5682E39C18E5D5B300522958 /* Foundation.framework in Frameworks */ = {isa = PBXBuildFile; fileRef = 5682E38118E5D5B200522958 /* Foundation.framework */; };
		5682E39D18E5D5B300522958 /* UIKit.framework in Frameworks */ = {isa = PBXBuildFile; fileRef = 5682E38518E5D5B200522958 /* UIKit.framework */; };
		5682E3A518E5D5B300522958 /* InfoPlist.strings in Resources */ = {isa = PBXBuildFile; fileRef = 5682E3A318E5D5B300522958 /* InfoPlist.strings */; };
		5682E3A718E5D5B300522958 /* FreebaseBookSpiderTests.m in Sources */ = {isa = PBXBuildFile; fileRef = 5682E3A618E5D5B300522958 /* FreebaseBookSpiderTests.m */; };
		5682E3B218E5D5D500522958 /* FreebaseBookSpider.m in Sources */ = {isa = PBXBuildFile; fileRef = 5682E3B118E5D5D500522958 /* FreebaseBookSpider.m */; };
		5682E3B518E5D80000522958 /* freebase_urls.plist in Resources */ = {isa = PBXBuildFile; fileRef = 5682E3B418E5D80000522958 /* freebase_urls.plist */; };
		5682E3B718E5DB5400522958 /* mql_queries.plist in Resources */ = {isa = PBXBuildFile; fileRef = 5682E3B618E5DB5400522958 /* mql_queries.plist */; };
		5695893318E8F72500CBC336 /* README.md in Resources */ = {isa = PBXBuildFile; fileRef = 5695893218E8F72500CBC336 /* README.md */; };
		56A0D2AC191E498B00620224 /* FBSButton.m in Sources */ = {isa = PBXBuildFile; fileRef = 56A0D2A5191E498B00620224 /* FBSButton.m */; };
		56A0D2AD191E498B00620224 /* FBSView.m in Sources */ = {isa = PBXBuildFile; fileRef = 56A0D2A7191E498B00620224 /* FBSView.m */; };
		56A0D2AE191E498B00620224 /* FBSViewController.m in Sources */ = {isa = PBXBuildFile; fileRef = 56A0D2A9191E498B00620224 /* FBSViewController.m */; };
		56A0D2AF191E498B00620224 /* UINavigationControllerCategory.m in Sources */ = {isa = PBXBuildFile; fileRef = 56A0D2AB191E498B00620224 /* UINavigationControllerCategory.m */; };
		56B069FF18F2DFD700F2C508 /* FBSApiManager.m in Sources */ = {isa = PBXBuildFile; fileRef = 56B069FA18F2DFD700F2C508 /* FBSApiManager.m */; };
		56B06A0118F2DFD700F2C508 /* FBSResources.m in Sources */ = {isa = PBXBuildFile; fileRef = 56B069FE18F2DFD700F2C508 /* FBSResources.m */; };
		56C3D54E18F803DC00A05BC4 /* FBSTopic.m in Sources */ = {isa = PBXBuildFile; fileRef = 56C3D54D18F803DC00A05BC4 /* FBSTopic.m */; };
		56C3D55418F804C700A05BC4 /* FBSAuthor.m in Sources */ = {isa = PBXBuildFile; fileRef = 56C3D55318F804C700A05BC4 /* FBSAuthor.m */; };
		56C3D55718F804DA00A05BC4 /* FBSBook.m in Sources */ = {isa = PBXBuildFile; fileRef = 56C3D55618F804DA00A05BC4 /* FBSBook.m */; };
		56C3D56318F8081700A05BC4 /* FBSPropertyValue.m in Sources */ = {isa = PBXBuildFile; fileRef = 56C3D56218F8081700A05BC4 /* FBSPropertyValue.m */; };
		56CCA0B519214F2200260075 /* delete_icon.png in Resources */ = {isa = PBXBuildFile; fileRef = 56CCA0B419214F2200260075 /* delete_icon.png */; };
		56CE273B19004BD700635489 /* FBSProperty.m in Sources */ = {isa = PBXBuildFile; fileRef = 56CE273A19004BD700635489 /* FBSProperty.m */; };
		56D83F491920275900507272 /* Jacques_Charles_Luftschiff_landscape_portrait.jpg in Resources */ = {isa = PBXBuildFile; fileRef = 56D83F471920275900507272 /* Jacques_Charles_Luftschiff_landscape_portrait.jpg */; };
		56D83F4A1920275900507272 /* Jacques_Charles_Luftschiff_landscape.jpg in Resources */ = {isa = PBXBuildFile; fileRef = 56D83F481920275900507272 /* Jacques_Charles_Luftschiff_landscape.jpg */; };
		56E176A71920FC1A00DA2F2A /* search-icon.png in Resources */ = {isa = PBXBuildFile; fileRef = 56E176A61920FC1A00DA2F2A /* search-icon.png */; };
		56E176AA1920FE2F00DA2F2A /* BESearchBox.m in Sources */ = {isa = PBXBuildFile; fileRef = 56E176A91920FE2F00DA2F2A /* BESearchBox.m */; };
		56E772F11916C89200CDF2E7 /* TestClient.m in Sources */ = {isa = PBXBuildFile; fileRef = 56E772F01916C89200CDF2E7 /* TestClient.m */; };
		56FB3CFA1922428100FA945F /* BETopicDetailViewController.m in Sources */ = {isa = PBXBuildFile; fileRef = 56FB3CF91922428100FA945F /* BETopicDetailViewController.m */; };
		56FB3CFD19224AA800FA945F /* AuthorView.m in Sources */ = {isa = PBXBuildFile; fileRef = 56FB3CFC19224AA800FA945F /* AuthorView.m */; };
/* End PBXBuildFile section */

/* Begin PBXContainerItemProxy section */
		5682E39E18E5D5B300522958 /* PBXContainerItemProxy */ = {
			isa = PBXContainerItemProxy;
			containerPortal = 5682E37618E5D5B200522958 /* Project object */;
			proxyType = 1;
			remoteGlobalIDString = 5682E37D18E5D5B200522958;
			remoteInfo = FreebaseBookSpider;
		};
/* End PBXContainerItemProxy section */

/* Begin PBXFileReference section */
		5630304B18FC2B73000699E9 /* FBSEntityManager.h */ = {isa = PBXFileReference; fileEncoding = 4; lastKnownFileType = sourcecode.c.h; name = FBSEntityManager.h; path = FBSNodes/FBSEntityManager.h; sourceTree = "<group>"; };
		5630304C18FC2B73000699E9 /* FBSEntityManager.m */ = {isa = PBXFileReference; fileEncoding = 4; lastKnownFileType = sourcecode.c.objc; name = FBSEntityManager.m; path = FBSNodes/FBSEntityManager.m; sourceTree = "<group>"; };
		5635747C191ADCD600C3AF29 /* FBSURLConnection.h */ = {isa = PBXFileReference; fileEncoding = 4; lastKnownFileType = sourcecode.c.h; path = FBSURLConnection.h; sourceTree = "<group>"; };
		5635747D191ADCD600C3AF29 /* FBSURLConnection.m */ = {isa = PBXFileReference; fileEncoding = 4; lastKnownFileType = sourcecode.c.objc; path = FBSURLConnection.m; sourceTree = "<group>"; };
		5635747F191AE3D500C3AF29 /* FBSApiPendingRequest.h */ = {isa = PBXFileReference; fileEncoding = 4; lastKnownFileType = sourcecode.c.h; path = FBSApiPendingRequest.h; sourceTree = "<group>"; };
		56357480191AE3D500C3AF29 /* FBSApiPendingRequest.m */ = {isa = PBXFileReference; fileEncoding = 4; lastKnownFileType = sourcecode.c.objc; path = FBSApiPendingRequest.m; sourceTree = "<group>"; };
		566A4E6F19055A3600400136 /* FBSNode.h */ = {isa = PBXFileReference; fileEncoding = 4; lastKnownFileType = sourcecode.c.h; name = FBSNode.h; path = FBSNodes/FBSNode.h; sourceTree = "<group>"; };
		566A4E7019055A3600400136 /* FBSNode.m */ = {isa = PBXFileReference; fileEncoding = 4; lastKnownFileType = sourcecode.c.objc; name = FBSNode.m; path = FBSNodes/FBSNode.m; sourceTree = "<group>"; };
		566A4E7819071DA500400136 /* FBSNodeManagerActions.h */ = {isa = PBXFileReference; lastKnownFileType = sourcecode.c.h; name = FBSNodeManagerActions.h; path = FBSNodes/FBSNodeManagerActions.h; sourceTree = "<group>"; };
		5682E37E18E5D5B200522958 /* FreebaseBookSpider.app */ = {isa = PBXFileReference; explicitFileType = wrapper.application; includeInIndex = 0; path = FreebaseBookSpider.app; sourceTree = BUILT_PRODUCTS_DIR; };
		5682E38118E5D5B200522958 /* Foundation.framework */ = {isa = PBXFileReference; lastKnownFileType = wrapper.framework; name = Foundation.framework; path = System/Library/Frameworks/Foundation.framework; sourceTree = SDKROOT; };
		5682E38318E5D5B200522958 /* CoreGraphics.framework */ = {isa = PBXFileReference; lastKnownFileType = wrapper.framework; name = CoreGraphics.framework; path = System/Library/Frameworks/CoreGraphics.framework; sourceTree = SDKROOT; };
		5682E38518E5D5B200522958 /* UIKit.framework */ = {isa = PBXFileReference; lastKnownFileType = wrapper.framework; name = UIKit.framework; path = System/Library/Frameworks/UIKit.framework; sourceTree = SDKROOT; };
		5682E38918E5D5B200522958 /* FreebaseBookSpider-Info.plist */ = {isa = PBXFileReference; lastKnownFileType = text.plist.xml; path = "FreebaseBookSpider-Info.plist"; sourceTree = "<group>"; };
		5682E38B18E5D5B200522958 /* en */ = {isa = PBXFileReference; lastKnownFileType = text.plist.strings; name = en; path = en.lproj/InfoPlist.strings; sourceTree = "<group>"; };
		5682E38D18E5D5B200522958 /* main.m */ = {isa = PBXFileReference; lastKnownFileType = sourcecode.c.objc; path = main.m; sourceTree = "<group>"; };
		5682E38F18E5D5B200522958 /* FreebaseBookSpider-Prefix.pch */ = {isa = PBXFileReference; lastKnownFileType = sourcecode.c.h; path = "FreebaseBookSpider-Prefix.pch"; sourceTree = "<group>"; };
		5682E39018E5D5B200522958 /* AppDelegate.h */ = {isa = PBXFileReference; lastKnownFileType = sourcecode.c.h; path = AppDelegate.h; sourceTree = "<group>"; };
		5682E39118E5D5B200522958 /* AppDelegate.m */ = {isa = PBXFileReference; lastKnownFileType = sourcecode.c.objc; path = AppDelegate.m; sourceTree = "<group>"; };
		5682E39318E5D5B200522958 /* Images.xcassets */ = {isa = PBXFileReference; lastKnownFileType = folder.assetcatalog; path = Images.xcassets; sourceTree = "<group>"; };
		5682E39918E5D5B300522958 /* FreebaseBookSpiderTests.xctest */ = {isa = PBXFileReference; explicitFileType = wrapper.cfbundle; includeInIndex = 0; path = FreebaseBookSpiderTests.xctest; sourceTree = BUILT_PRODUCTS_DIR; };
		5682E39A18E5D5B300522958 /* XCTest.framework */ = {isa = PBXFileReference; lastKnownFileType = wrapper.framework; name = XCTest.framework; path = Library/Frameworks/XCTest.framework; sourceTree = DEVELOPER_DIR; };
		5682E3A218E5D5B300522958 /* FreebaseBookSpiderTests-Info.plist */ = {isa = PBXFileReference; lastKnownFileType = text.plist.xml; path = "FreebaseBookSpiderTests-Info.plist"; sourceTree = "<group>"; };
		5682E3A418E5D5B300522958 /* en */ = {isa = PBXFileReference; lastKnownFileType = text.plist.strings; name = en; path = en.lproj/InfoPlist.strings; sourceTree = "<group>"; };
		5682E3A618E5D5B300522958 /* FreebaseBookSpiderTests.m */ = {isa = PBXFileReference; lastKnownFileType = sourcecode.c.objc; path = FreebaseBookSpiderTests.m; sourceTree = "<group>"; };
		5682E3B018E5D5D500522958 /* FreebaseBookSpider.h */ = {isa = PBXFileReference; fileEncoding = 4; lastKnownFileType = sourcecode.c.h; path = FreebaseBookSpider.h; sourceTree = "<group>"; };
		5682E3B118E5D5D500522958 /* FreebaseBookSpider.m */ = {isa = PBXFileReference; fileEncoding = 4; lastKnownFileType = sourcecode.c.objc; path = FreebaseBookSpider.m; sourceTree = "<group>"; };
		5682E3B418E5D80000522958 /* freebase_urls.plist */ = {isa = PBXFileReference; fileEncoding = 4; lastKnownFileType = text.plist.xml; path = freebase_urls.plist; sourceTree = "<group>"; };
		5682E3B618E5DB5400522958 /* mql_queries.plist */ = {isa = PBXFileReference; fileEncoding = 4; lastKnownFileType = text.plist.xml; path = mql_queries.plist; sourceTree = "<group>"; };
		5695893218E8F72500CBC336 /* README.md */ = {isa = PBXFileReference; fileEncoding = 4; lastKnownFileType = text; path = README.md; sourceTree = SOURCE_ROOT; };
		56A0D2A4191E498B00620224 /* FBSButton.h */ = {isa = PBXFileReference; fileEncoding = 4; lastKnownFileType = sourcecode.c.h; path = FBSButton.h; sourceTree = "<group>"; };
		56A0D2A5191E498B00620224 /* FBSButton.m */ = {isa = PBXFileReference; fileEncoding = 4; lastKnownFileType = sourcecode.c.objc; path = FBSButton.m; sourceTree = "<group>"; };
		56A0D2A6191E498B00620224 /* FBSView.h */ = {isa = PBXFileReference; fileEncoding = 4; lastKnownFileType = sourcecode.c.h; path = FBSView.h; sourceTree = "<group>"; };
		56A0D2A7191E498B00620224 /* FBSView.m */ = {isa = PBXFileReference; fileEncoding = 4; lastKnownFileType = sourcecode.c.objc; path = FBSView.m; sourceTree = "<group>"; };
		56A0D2A8191E498B00620224 /* FBSViewController.h */ = {isa = PBXFileReference; fileEncoding = 4; lastKnownFileType = sourcecode.c.h; path = FBSViewController.h; sourceTree = "<group>"; };
		56A0D2A9191E498B00620224 /* FBSViewController.m */ = {isa = PBXFileReference; fileEncoding = 4; lastKnownFileType = sourcecode.c.objc; path = FBSViewController.m; sourceTree = "<group>"; };
		56A0D2AA191E498B00620224 /* UINavigationControllerCategory.h */ = {isa = PBXFileReference; fileEncoding = 4; lastKnownFileType = sourcecode.c.h; path = UINavigationControllerCategory.h; sourceTree = "<group>"; };
		56A0D2AB191E498B00620224 /* UINavigationControllerCategory.m */ = {isa = PBXFileReference; fileEncoding = 4; lastKnownFileType = sourcecode.c.objc; path = UINavigationControllerCategory.m; sourceTree = "<group>"; };
		56B069F818F2DFD700F2C508 /* FBSApiActions.h */ = {isa = PBXFileReference; fileEncoding = 4; lastKnownFileType = sourcecode.c.h; path = FBSApiActions.h; sourceTree = "<group>"; };
		56B069F918F2DFD700F2C508 /* FBSApiManager.h */ = {isa = PBXFileReference; fileEncoding = 4; lastKnownFileType = sourcecode.c.h; path = FBSApiManager.h; sourceTree = "<group>"; };
		56B069FA18F2DFD700F2C508 /* FBSApiManager.m */ = {isa = PBXFileReference; fileEncoding = 4; lastKnownFileType = sourcecode.c.objc; path = FBSApiManager.m; sourceTree = "<group>"; };
		56B069FD18F2DFD700F2C508 /* FBSResources.h */ = {isa = PBXFileReference; fileEncoding = 4; lastKnownFileType = sourcecode.c.h; path = FBSResources.h; sourceTree = "<group>"; };
		56B069FE18F2DFD700F2C508 /* FBSResources.m */ = {isa = PBXFileReference; fileEncoding = 4; lastKnownFileType = sourcecode.c.objc; path = FBSResources.m; sourceTree = "<group>"; };
		56C3D54C18F803DC00A05BC4 /* FBSTopic.h */ = {isa = PBXFileReference; fileEncoding = 4; lastKnownFileType = sourcecode.c.h; name = FBSTopic.h; path = FBSNodes/FBSTopic.h; sourceTree = "<group>"; };
		56C3D54D18F803DC00A05BC4 /* FBSTopic.m */ = {isa = PBXFileReference; fileEncoding = 4; lastKnownFileType = sourcecode.c.objc; name = FBSTopic.m; path = FBSNodes/FBSTopic.m; sourceTree = "<group>"; };
		56C3D55218F804C700A05BC4 /* FBSAuthor.h */ = {isa = PBXFileReference; fileEncoding = 4; lastKnownFileType = sourcecode.c.h; name = FBSAuthor.h; path = FBSNodes/FBSAuthor.h; sourceTree = "<group>"; };
		56C3D55318F804C700A05BC4 /* FBSAuthor.m */ = {isa = PBXFileReference; fileEncoding = 4; lastKnownFileType = sourcecode.c.objc; name = FBSAuthor.m; path = FBSNodes/FBSAuthor.m; sourceTree = "<group>"; };
		56C3D55518F804DA00A05BC4 /* FBSBook.h */ = {isa = PBXFileReference; fileEncoding = 4; lastKnownFileType = sourcecode.c.h; name = FBSBook.h; path = FBSNodes/FBSBook.h; sourceTree = "<group>"; };
		56C3D55618F804DA00A05BC4 /* FBSBook.m */ = {isa = PBXFileReference; fileEncoding = 4; lastKnownFileType = sourcecode.c.objc; name = FBSBook.m; path = FBSNodes/FBSBook.m; sourceTree = "<group>"; };
		56C3D56118F8081700A05BC4 /* FBSPropertyValue.h */ = {isa = PBXFileReference; fileEncoding = 4; lastKnownFileType = sourcecode.c.h; name = FBSPropertyValue.h; path = FBSNodes/FBSPropertyValue.h; sourceTree = "<group>"; };
		56C3D56218F8081700A05BC4 /* FBSPropertyValue.m */ = {isa = PBXFileReference; fileEncoding = 4; lastKnownFileType = sourcecode.c.objc; name = FBSPropertyValue.m; path = FBSNodes/FBSPropertyValue.m; sourceTree = "<group>"; };
		56CCA0B419214F2200260075 /* delete_icon.png */ = {isa = PBXFileReference; lastKnownFileType = image.png; name = delete_icon.png; path = FreebaseBookSpider/Resources/delete_icon.png; sourceTree = "<group>"; };
		56CE273919004BD700635489 /* FBSProperty.h */ = {isa = PBXFileReference; fileEncoding = 4; lastKnownFileType = sourcecode.c.h; name = FBSProperty.h; path = FBSNodes/FBSProperty.h; sourceTree = "<group>"; };
		56CE273A19004BD700635489 /* FBSProperty.m */ = {isa = PBXFileReference; fileEncoding = 4; lastKnownFileType = sourcecode.c.objc; name = FBSProperty.m; path = FBSNodes/FBSProperty.m; sourceTree = "<group>"; };
		56D384F318FC9D900006C1D8 /* FBSNodeTypes.h */ = {isa = PBXFileReference; lastKnownFileType = sourcecode.c.h; name = FBSNodeTypes.h; path = FBSNodes/FBSNodeTypes.h; sourceTree = "<group>"; };
		56D83F471920275900507272 /* Jacques_Charles_Luftschiff_landscape_portrait.jpg */ = {isa = PBXFileReference; lastKnownFileType = image.jpeg; name = Jacques_Charles_Luftschiff_landscape_portrait.jpg; path = FreebaseBookSpider/Resources/Jacques_Charles_Luftschiff_landscape_portrait.jpg; sourceTree = "<group>"; };
		56D83F481920275900507272 /* Jacques_Charles_Luftschiff_landscape.jpg */ = {isa = PBXFileReference; lastKnownFileType = image.jpeg; name = Jacques_Charles_Luftschiff_landscape.jpg; path = FreebaseBookSpider/Resources/Jacques_Charles_Luftschiff_landscape.jpg; sourceTree = "<group>"; };
		56E176A61920FC1A00DA2F2A /* search-icon.png */ = {isa = PBXFileReference; lastKnownFileType = image.png; name = "search-icon.png"; path = "FreebaseBookSpider/Resources/search-icon.png"; sourceTree = "<group>"; };
		56E176A81920FE2F00DA2F2A /* BESearchBox.h */ = {isa = PBXFileReference; fileEncoding = 4; lastKnownFileType = sourcecode.c.h; path = BESearchBox.h; sourceTree = "<group>"; };
		56E176A91920FE2F00DA2F2A /* BESearchBox.m */ = {isa = PBXFileReference; fileEncoding = 4; lastKnownFileType = sourcecode.c.objc; path = BESearchBox.m; sourceTree = "<group>"; };
		56E772EF1916C89200CDF2E7 /* TestClient.h */ = {isa = PBXFileReference; fileEncoding = 4; lastKnownFileType = sourcecode.c.h; path = TestClient.h; sourceTree = "<group>"; };
		56E772F01916C89200CDF2E7 /* TestClient.m */ = {isa = PBXFileReference; fileEncoding = 4; lastKnownFileType = sourcecode.c.objc; path = TestClient.m; sourceTree = "<group>"; };
		56FB3CF81922428100FA945F /* BETopicDetailViewController.h */ = {isa = PBXFileReference; fileEncoding = 4; lastKnownFileType = sourcecode.c.h; path = BETopicDetailViewController.h; sourceTree = "<group>"; };
		56FB3CF91922428100FA945F /* BETopicDetailViewController.m */ = {isa = PBXFileReference; fileEncoding = 4; lastKnownFileType = sourcecode.c.objc; path = BETopicDetailViewController.m; sourceTree = "<group>"; };
		56FB3CFB19224AA800FA945F /* AuthorView.h */ = {isa = PBXFileReference; fileEncoding = 4; lastKnownFileType = sourcecode.c.h; path = AuthorView.h; sourceTree = "<group>"; };
		56FB3CFC19224AA800FA945F /* AuthorView.m */ = {isa = PBXFileReference; fileEncoding = 4; lastKnownFileType = sourcecode.c.objc; path = AuthorView.m; sourceTree = "<group>"; };
/* End PBXFileReference section */

/* Begin PBXFrameworksBuildPhase section */
		5682E37B18E5D5B200522958 /* Frameworks */ = {
			isa = PBXFrameworksBuildPhase;
			buildActionMask = 2147483647;
			files = (
				5682E38418E5D5B200522958 /* CoreGraphics.framework in Frameworks */,
				5682E38618E5D5B200522958 /* UIKit.framework in Frameworks */,
				5682E38218E5D5B200522958 /* Foundation.framework in Frameworks */,
			);
			runOnlyForDeploymentPostprocessing = 0;
		};
		5682E39618E5D5B200522958 /* Frameworks */ = {
			isa = PBXFrameworksBuildPhase;
			buildActionMask = 2147483647;
			files = (
				5682E39B18E5D5B300522958 /* XCTest.framework in Frameworks */,
				5682E39D18E5D5B300522958 /* UIKit.framework in Frameworks */,
				5682E39C18E5D5B300522958 /* Foundation.framework in Frameworks */,
			);
			runOnlyForDeploymentPostprocessing = 0;
		};
/* End PBXFrameworksBuildPhase section */

/* Begin PBXGroup section */
		5682E37518E5D5B200522958 = {
			isa = PBXGroup;
			children = (
				5682E3B318E5D7E600522958 /* Resources */,
				5682E38718E5D5B200522958 /* FreebaseBookSpider */,
				5682E3A018E5D5B300522958 /* FreebaseBookSpiderTests */,
				5682E38018E5D5B200522958 /* Frameworks */,
				5682E37F18E5D5B200522958 /* Products */,
			);
			sourceTree = "<group>";
		};
		5682E37F18E5D5B200522958 /* Products */ = {
			isa = PBXGroup;
			children = (
				5682E37E18E5D5B200522958 /* FreebaseBookSpider.app */,
				5682E39918E5D5B300522958 /* FreebaseBookSpiderTests.xctest */,
			);
			name = Products;
			sourceTree = "<group>";
		};
		5682E38018E5D5B200522958 /* Frameworks */ = {
			isa = PBXGroup;
			children = (
				5682E38118E5D5B200522958 /* Foundation.framework */,
				5682E38318E5D5B200522958 /* CoreGraphics.framework */,
				5682E38518E5D5B200522958 /* UIKit.framework */,
				5682E39A18E5D5B300522958 /* XCTest.framework */,
			);
			name = Frameworks;
			sourceTree = "<group>";
		};
		5682E38718E5D5B200522958 /* FreebaseBookSpider */ = {
			isa = PBXGroup;
			children = (
				56A0D2A3191E48AF00620224 /* Client */,
				56C3D54818F8038C00A05BC4 /* FBSNodes */,
				56B069F718F2DFD700F2C508 /* FBSApiManager */,
				5695893218E8F72500CBC336 /* README.md */,
				5682E39018E5D5B200522958 /* AppDelegate.h */,
				5682E39118E5D5B200522958 /* AppDelegate.m */,
				5682E39318E5D5B200522958 /* Images.xcassets */,
				5682E38818E5D5B200522958 /* Supporting Files */,
				5682E3B018E5D5D500522958 /* FreebaseBookSpider.h */,
				5682E3B118E5D5D500522958 /* FreebaseBookSpider.m */,
				56E772EF1916C89200CDF2E7 /* TestClient.h */,
				56E772F01916C89200CDF2E7 /* TestClient.m */,
			);
			path = FreebaseBookSpider;
			sourceTree = "<group>";
		};
		5682E38818E5D5B200522958 /* Supporting Files */ = {
			isa = PBXGroup;
			children = (
				5682E38918E5D5B200522958 /* FreebaseBookSpider-Info.plist */,
				5682E38A18E5D5B200522958 /* InfoPlist.strings */,
				5682E38D18E5D5B200522958 /* main.m */,
				5682E38F18E5D5B200522958 /* FreebaseBookSpider-Prefix.pch */,
			);
			name = "Supporting Files";
			sourceTree = "<group>";
		};
		5682E3A018E5D5B300522958 /* FreebaseBookSpiderTests */ = {
			isa = PBXGroup;
			children = (
				5682E3A618E5D5B300522958 /* FreebaseBookSpiderTests.m */,
				5682E3A118E5D5B300522958 /* Supporting Files */,
			);
			path = FreebaseBookSpiderTests;
			sourceTree = "<group>";
		};
		5682E3A118E5D5B300522958 /* Supporting Files */ = {
			isa = PBXGroup;
			children = (
				5682E3A218E5D5B300522958 /* FreebaseBookSpiderTests-Info.plist */,
				5682E3A318E5D5B300522958 /* InfoPlist.strings */,
			);
			name = "Supporting Files";
			sourceTree = "<group>";
		};
		5682E3B318E5D7E600522958 /* Resources */ = {
			isa = PBXGroup;
			children = (
				56CCA0B419214F2200260075 /* delete_icon.png */,
				56E176A61920FC1A00DA2F2A /* search-icon.png */,
				56D83F471920275900507272 /* Jacques_Charles_Luftschiff_landscape_portrait.jpg */,
				56D83F481920275900507272 /* Jacques_Charles_Luftschiff_landscape.jpg */,
				5682E3B418E5D80000522958 /* freebase_urls.plist */,
				5682E3B618E5DB5400522958 /* mql_queries.plist */,
			);
			name = Resources;
			sourceTree = "<group>";
		};
		56A0D2A3191E48AF00620224 /* Client */ = {
			isa = PBXGroup;
			children = (
				56A0D2A4191E498B00620224 /* FBSButton.h */,
				56A0D2A5191E498B00620224 /* FBSButton.m */,
				56A0D2A6191E498B00620224 /* FBSView.h */,
				56A0D2A7191E498B00620224 /* FBSView.m */,
				56A0D2A8191E498B00620224 /* FBSViewController.h */,
				56A0D2A9191E498B00620224 /* FBSViewController.m */,
				56A0D2AA191E498B00620224 /* UINavigationControllerCategory.h */,
				56A0D2AB191E498B00620224 /* UINavigationControllerCategory.m */,
				56E176A81920FE2F00DA2F2A /* BESearchBox.h */,
				56E176A91920FE2F00DA2F2A /* BESearchBox.m */,
				56FB3CF81922428100FA945F /* BETopicDetailViewController.h */,
				56FB3CF91922428100FA945F /* BETopicDetailViewController.m */,
				56FB3CFB19224AA800FA945F /* AuthorView.h */,
				56FB3CFC19224AA800FA945F /* AuthorView.m */,
			);
			path = Client;
			sourceTree = "<group>";
		};
		56B069F718F2DFD700F2C508 /* FBSApiManager */ = {
			isa = PBXGroup;
			children = (
				56B069F818F2DFD700F2C508 /* FBSApiActions.h */,
				56B069F918F2DFD700F2C508 /* FBSApiManager.h */,
				56B069FA18F2DFD700F2C508 /* FBSApiManager.m */,
				5635747C191ADCD600C3AF29 /* FBSURLConnection.h */,
				5635747D191ADCD600C3AF29 /* FBSURLConnection.m */,
				56B069FD18F2DFD700F2C508 /* FBSResources.h */,
				56B069FE18F2DFD700F2C508 /* FBSResources.m */,
				5635747F191AE3D500C3AF29 /* FBSApiPendingRequest.h */,
				56357480191AE3D500C3AF29 /* FBSApiPendingRequest.m */,
			);
			path = FBSApiManager;
			sourceTree = "<group>";
		};
		56C3D54818F8038C00A05BC4 /* FBSNodes */ = {
			isa = PBXGroup;
			children = (
				56CE273919004BD700635489 /* FBSProperty.h */,
				56CE273A19004BD700635489 /* FBSProperty.m */,
				56C3D56118F8081700A05BC4 /* FBSPropertyValue.h */,
				56C3D56218F8081700A05BC4 /* FBSPropertyValue.m */,
				56D384F318FC9D900006C1D8 /* FBSNodeTypes.h */,
				566A4E6F19055A3600400136 /* FBSNode.h */,
				566A4E7019055A3600400136 /* FBSNode.m */,
				56C3D54C18F803DC00A05BC4 /* FBSTopic.h */,
				56C3D54D18F803DC00A05BC4 /* FBSTopic.m */,
				56C3D55218F804C700A05BC4 /* FBSAuthor.h */,
				56C3D55318F804C700A05BC4 /* FBSAuthor.m */,
				56C3D55518F804DA00A05BC4 /* FBSBook.h */,
				56C3D55618F804DA00A05BC4 /* FBSBook.m */,
				566A4E7819071DA500400136 /* FBSNodeManagerActions.h */,
				5630304B18FC2B73000699E9 /* FBSEntityManager.h */,
				5630304C18FC2B73000699E9 /* FBSEntityManager.m */,
			);
			name = FBSNodes;
			sourceTree = "<group>";
		};
/* End PBXGroup section */

/* Begin PBXNativeTarget section */
		5682E37D18E5D5B200522958 /* FreebaseBookSpider */ = {
			isa = PBXNativeTarget;
			buildConfigurationList = 5682E3AA18E5D5B300522958 /* Build configuration list for PBXNativeTarget "FreebaseBookSpider" */;
			buildPhases = (
				5682E37A18E5D5B200522958 /* Sources */,
				5682E37B18E5D5B200522958 /* Frameworks */,
				5682E37C18E5D5B200522958 /* Resources */,
			);
			buildRules = (
			);
			dependencies = (
			);
			name = FreebaseBookSpider;
			productName = FreebaseBookSpider;
			productReference = 5682E37E18E5D5B200522958 /* FreebaseBookSpider.app */;
			productType = "com.apple.product-type.application";
		};
		5682E39818E5D5B200522958 /* FreebaseBookSpiderTests */ = {
			isa = PBXNativeTarget;
			buildConfigurationList = 5682E3AD18E5D5B300522958 /* Build configuration list for PBXNativeTarget "FreebaseBookSpiderTests" */;
			buildPhases = (
				5682E39518E5D5B200522958 /* Sources */,
				5682E39618E5D5B200522958 /* Frameworks */,
				5682E39718E5D5B200522958 /* Resources */,
			);
			buildRules = (
			);
			dependencies = (
				5682E39F18E5D5B300522958 /* PBXTargetDependency */,
			);
			name = FreebaseBookSpiderTests;
			productName = FreebaseBookSpiderTests;
			productReference = 5682E39918E5D5B300522958 /* FreebaseBookSpiderTests.xctest */;
			productType = "com.apple.product-type.bundle.unit-test";
		};
/* End PBXNativeTarget section */

/* Begin PBXProject section */
		5682E37618E5D5B200522958 /* Project object */ = {
			isa = PBXProject;
			attributes = {
				LastUpgradeCheck = 0510;
				ORGANIZATIONNAME = Buele;
				TargetAttributes = {
					5682E39818E5D5B200522958 = {
						TestTargetID = 5682E37D18E5D5B200522958;
					};
				};
			};
			buildConfigurationList = 5682E37918E5D5B200522958 /* Build configuration list for PBXProject "FreebaseBookSpider" */;
			compatibilityVersion = "Xcode 3.2";
			developmentRegion = English;
			hasScannedForEncodings = 0;
			knownRegions = (
				en,
			);
			mainGroup = 5682E37518E5D5B200522958;
			productRefGroup = 5682E37F18E5D5B200522958 /* Products */;
			projectDirPath = "";
			projectRoot = "";
			targets = (
				5682E37D18E5D5B200522958 /* FreebaseBookSpider */,
				5682E39818E5D5B200522958 /* FreebaseBookSpiderTests */,
			);
		};
/* End PBXProject section */

/* Begin PBXResourcesBuildPhase section */
		5682E37C18E5D5B200522958 /* Resources */ = {
			isa = PBXResourcesBuildPhase;
			buildActionMask = 2147483647;
			files = (
				56D83F491920275900507272 /* Jacques_Charles_Luftschiff_landscape_portrait.jpg in Resources */,
				56CCA0B519214F2200260075 /* delete_icon.png in Resources */,
				5682E38C18E5D5B200522958 /* InfoPlist.strings in Resources */,
				5682E3B518E5D80000522958 /* freebase_urls.plist in Resources */,
				56D83F4A1920275900507272 /* Jacques_Charles_Luftschiff_landscape.jpg in Resources */,
				5695893318E8F72500CBC336 /* README.md in Resources */,
				5682E3B718E5DB5400522958 /* mql_queries.plist in Resources */,
				56E176A71920FC1A00DA2F2A /* search-icon.png in Resources */,
				5682E39418E5D5B200522958 /* Images.xcassets in Resources */,
			);
			runOnlyForDeploymentPostprocessing = 0;
		};
		5682E39718E5D5B200522958 /* Resources */ = {
			isa = PBXResourcesBuildPhase;
			buildActionMask = 2147483647;
			files = (
				5682E3A518E5D5B300522958 /* InfoPlist.strings in Resources */,
			);
			runOnlyForDeploymentPostprocessing = 0;
		};
/* End PBXResourcesBuildPhase section */

/* Begin PBXSourcesBuildPhase section */
		5682E37A18E5D5B200522958 /* Sources */ = {
			isa = PBXSourcesBuildPhase;
			buildActionMask = 2147483647;
			files = (
				56B06A0118F2DFD700F2C508 /* FBSResources.m in Sources */,
				5682E39218E5D5B200522958 /* AppDelegate.m in Sources */,
				56FB3CFA1922428100FA945F /* BETopicDetailViewController.m in Sources */,
				56C3D55418F804C700A05BC4 /* FBSAuthor.m in Sources */,
				5682E38E18E5D5B200522958 /* main.m in Sources */,
				56A0D2AF191E498B00620224 /* UINavigationControllerCategory.m in Sources */,
				56C3D56318F8081700A05BC4 /* FBSPropertyValue.m in Sources */,
				56FB3CFD19224AA800FA945F /* AuthorView.m in Sources */,
				56E772F11916C89200CDF2E7 /* TestClient.m in Sources */,
				5635747E191ADCD600C3AF29 /* FBSURLConnection.m in Sources */,
				56B069FF18F2DFD700F2C508 /* FBSApiManager.m in Sources */,
				5682E3B218E5D5D500522958 /* FreebaseBookSpider.m in Sources */,
				5630304D18FC2B73000699E9 /* FBSEntityManager.m in Sources */,
				56C3D54E18F803DC00A05BC4 /* FBSTopic.m in Sources */,
				56A0D2AD191E498B00620224 /* FBSView.m in Sources */,
				56C3D55718F804DA00A05BC4 /* FBSBook.m in Sources */,
				56CE273B19004BD700635489 /* FBSProperty.m in Sources */,
				56A0D2AE191E498B00620224 /* FBSViewController.m in Sources */,
				56A0D2AC191E498B00620224 /* FBSButton.m in Sources */,
				56357481191AE3D500C3AF29 /* FBSApiPendingRequest.m in Sources */,
				56E176AA1920FE2F00DA2F2A /* BESearchBox.m in Sources */,
				566A4E7119055A3600400136 /* FBSNode.m in Sources */,
			);
			runOnlyForDeploymentPostprocessing = 0;
		};
		5682E39518E5D5B200522958 /* Sources */ = {
			isa = PBXSourcesBuildPhase;
			buildActionMask = 2147483647;
			files = (
				5682E3A718E5D5B300522958 /* FreebaseBookSpiderTests.m in Sources */,
			);
			runOnlyForDeploymentPostprocessing = 0;
		};
/* End PBXSourcesBuildPhase section */

/* Begin PBXTargetDependency section */
		5682E39F18E5D5B300522958 /* PBXTargetDependency */ = {
			isa = PBXTargetDependency;
			target = 5682E37D18E5D5B200522958 /* FreebaseBookSpider */;
			targetProxy = 5682E39E18E5D5B300522958 /* PBXContainerItemProxy */;
		};
/* End PBXTargetDependency section */

/* Begin PBXVariantGroup section */
		5682E38A18E5D5B200522958 /* InfoPlist.strings */ = {
			isa = PBXVariantGroup;
			children = (
				5682E38B18E5D5B200522958 /* en */,
			);
			name = InfoPlist.strings;
			sourceTree = "<group>";
		};
		5682E3A318E5D5B300522958 /* InfoPlist.strings */ = {
			isa = PBXVariantGroup;
			children = (
				5682E3A418E5D5B300522958 /* en */,
			);
			name = InfoPlist.strings;
			sourceTree = "<group>";
		};
/* End PBXVariantGroup section */

/* Begin XCBuildConfiguration section */
		5682E3A818E5D5B300522958 /* Debug */ = {
			isa = XCBuildConfiguration;
			buildSettings = {
				ALWAYS_SEARCH_USER_PATHS = NO;
				CLANG_CXX_LANGUAGE_STANDARD = "gnu++0x";
				CLANG_CXX_LIBRARY = "libc++";
				CLANG_ENABLE_MODULES = YES;
				CLANG_ENABLE_OBJC_ARC = YES;
				CLANG_WARN_BOOL_CONVERSION = YES;
				CLANG_WARN_CONSTANT_CONVERSION = YES;
				CLANG_WARN_DIRECT_OBJC_ISA_USAGE = YES_ERROR;
				CLANG_WARN_EMPTY_BODY = YES;
				CLANG_WARN_ENUM_CONVERSION = YES;
				CLANG_WARN_INT_CONVERSION = YES;
				CLANG_WARN_OBJC_ROOT_CLASS = YES_ERROR;
				CLANG_WARN__DUPLICATE_METHOD_MATCH = YES;
				"CODE_SIGN_IDENTITY[sdk=iphoneos*]" = "iPhone Developer";
				COPY_PHASE_STRIP = NO;
				GCC_C_LANGUAGE_STANDARD = gnu99;
				GCC_DYNAMIC_NO_PIC = NO;
				GCC_OPTIMIZATION_LEVEL = 0;
				GCC_PREPROCESSOR_DEFINITIONS = (
					"DEBUG=1",
					"$(inherited)",
				);
				GCC_SYMBOLS_PRIVATE_EXTERN = NO;
				GCC_WARN_64_TO_32_BIT_CONVERSION = YES;
				GCC_WARN_ABOUT_RETURN_TYPE = YES_ERROR;
				GCC_WARN_UNDECLARED_SELECTOR = YES;
				GCC_WARN_UNINITIALIZED_AUTOS = YES_AGGRESSIVE;
				GCC_WARN_UNUSED_FUNCTION = YES;
				GCC_WARN_UNUSED_VARIABLE = YES;
				IPHONEOS_DEPLOYMENT_TARGET = 7.1;
				ONLY_ACTIVE_ARCH = YES;
				SDKROOT = iphoneos;
				TARGETED_DEVICE_FAMILY = "1,2";
			};
			name = Debug;
		};
		5682E3A918E5D5B300522958 /* Release */ = {
			isa = XCBuildConfiguration;
			buildSettings = {
				ALWAYS_SEARCH_USER_PATHS = NO;
				CLANG_CXX_LANGUAGE_STANDARD = "gnu++0x";
				CLANG_CXX_LIBRARY = "libc++";
				CLANG_ENABLE_MODULES = YES;
				CLANG_ENABLE_OBJC_ARC = YES;
				CLANG_WARN_BOOL_CONVERSION = YES;
				CLANG_WARN_CONSTANT_CONVERSION = YES;
				CLANG_WARN_DIRECT_OBJC_ISA_USAGE = YES_ERROR;
				CLANG_WARN_EMPTY_BODY = YES;
				CLANG_WARN_ENUM_CONVERSION = YES;
				CLANG_WARN_INT_CONVERSION = YES;
				CLANG_WARN_OBJC_ROOT_CLASS = YES_ERROR;
				CLANG_WARN__DUPLICATE_METHOD_MATCH = YES;
				"CODE_SIGN_IDENTITY[sdk=iphoneos*]" = "iPhone Developer";
				COPY_PHASE_STRIP = YES;
				ENABLE_NS_ASSERTIONS = NO;
				GCC_C_LANGUAGE_STANDARD = gnu99;
				GCC_WARN_64_TO_32_BIT_CONVERSION = YES;
				GCC_WARN_ABOUT_RETURN_TYPE = YES_ERROR;
				GCC_WARN_UNDECLARED_SELECTOR = YES;
				GCC_WARN_UNINITIALIZED_AUTOS = YES_AGGRESSIVE;
				GCC_WARN_UNUSED_FUNCTION = YES;
				GCC_WARN_UNUSED_VARIABLE = YES;
				IPHONEOS_DEPLOYMENT_TARGET = 7.1;
				SDKROOT = iphoneos;
				TARGETED_DEVICE_FAMILY = "1,2";
				VALIDATE_PRODUCT = YES;
			};
			name = Release;
		};
		5682E3AB18E5D5B300522958 /* Debug */ = {
			isa = XCBuildConfiguration;
			buildSettings = {
				ASSETCATALOG_COMPILER_APPICON_NAME = AppIcon;
				ASSETCATALOG_COMPILER_LAUNCHIMAGE_NAME = LaunchImage;
				CLANG_ENABLE_OBJC_ARC = NO;
				GCC_PRECOMPILE_PREFIX_HEADER = YES;
				GCC_PREFIX_HEADER = "FreebaseBookSpider/FreebaseBookSpider-Prefix.pch";
				INFOPLIST_FILE = "FreebaseBookSpider/FreebaseBookSpider-Info.plist";
				PRODUCT_NAME = "$(TARGET_NAME)";
				TARGETED_DEVICE_FAMILY = 2;
				WRAPPER_EXTENSION = app;
			};
			name = Debug;
		};
		5682E3AC18E5D5B300522958 /* Release */ = {
			isa = XCBuildConfiguration;
			buildSettings = {
				ASSETCATALOG_COMPILER_APPICON_NAME = AppIcon;
				ASSETCATALOG_COMPILER_LAUNCHIMAGE_NAME = LaunchImage;
				CLANG_ENABLE_OBJC_ARC = NO;
				GCC_PRECOMPILE_PREFIX_HEADER = YES;
				GCC_PREFIX_HEADER = "FreebaseBookSpider/FreebaseBookSpider-Prefix.pch";
				INFOPLIST_FILE = "FreebaseBookSpider/FreebaseBookSpider-Info.plist";
				PRODUCT_NAME = "$(TARGET_NAME)";
				TARGETED_DEVICE_FAMILY = 2;
				WRAPPER_EXTENSION = app;
			};
			name = Release;
		};
		5682E3AE18E5D5B300522958 /* Debug */ = {
			isa = XCBuildConfiguration;
			buildSettings = {
				BUNDLE_LOADER = "$(BUILT_PRODUCTS_DIR)/FreebaseBookSpider.app/FreebaseBookSpider";
				FRAMEWORK_SEARCH_PATHS = (
					"$(SDKROOT)/Developer/Library/Frameworks",
					"$(inherited)",
					"$(DEVELOPER_FRAMEWORKS_DIR)",
				);
				GCC_PRECOMPILE_PREFIX_HEADER = YES;
				GCC_PREFIX_HEADER = "FreebaseBookSpider/FreebaseBookSpider-Prefix.pch";
				GCC_PREPROCESSOR_DEFINITIONS = (
					"DEBUG=1",
					"$(inherited)",
				);
				INFOPLIST_FILE = "FreebaseBookSpiderTests/FreebaseBookSpiderTests-Info.plist";
				PRODUCT_NAME = "$(TARGET_NAME)";
				TEST_HOST = "$(BUNDLE_LOADER)";
				WRAPPER_EXTENSION = xctest;
			};
			name = Debug;
		};
		5682E3AF18E5D5B300522958 /* Release */ = {
			isa = XCBuildConfiguration;
			buildSettings = {
				BUNDLE_LOADER = "$(BUILT_PRODUCTS_DIR)/FreebaseBookSpider.app/FreebaseBookSpider";
				FRAMEWORK_SEARCH_PATHS = (
					"$(SDKROOT)/Developer/Library/Frameworks",
					"$(inherited)",
					"$(DEVELOPER_FRAMEWORKS_DIR)",
				);
				GCC_PRECOMPILE_PREFIX_HEADER = YES;
				GCC_PREFIX_HEADER = "FreebaseBookSpider/FreebaseBookSpider-Prefix.pch";
				INFOPLIST_FILE = "FreebaseBookSpiderTests/FreebaseBookSpiderTests-Info.plist";
				PRODUCT_NAME = "$(TARGET_NAME)";
				TEST_HOST = "$(BUNDLE_LOADER)";
				WRAPPER_EXTENSION = xctest;
			};
			name = Release;
		};
/* End XCBuildConfiguration section */

/* Begin XCConfigurationList section */
		5682E37918E5D5B200522958 /* Build configuration list for PBXProject "FreebaseBookSpider" */ = {
			isa = XCConfigurationList;
			buildConfigurations = (
				5682E3A818E5D5B300522958 /* Debug */,
				5682E3A918E5D5B300522958 /* Release */,
			);
			defaultConfigurationIsVisible = 0;
			defaultConfigurationName = Release;
		};
		5682E3AA18E5D5B300522958 /* Build configuration list for PBXNativeTarget "FreebaseBookSpider" */ = {
			isa = XCConfigurationList;
			buildConfigurations = (
				5682E3AB18E5D5B300522958 /* Debug */,
				5682E3AC18E5D5B300522958 /* Release */,
			);
			defaultConfigurationIsVisible = 0;
			defaultConfigurationName = Release;
		};
		5682E3AD18E5D5B300522958 /* Build configuration list for PBXNativeTarget "FreebaseBookSpiderTests" */ = {
			isa = XCConfigurationList;
			buildConfigurations = (
				5682E3AE18E5D5B300522958 /* Debug */,
				5682E3AF18E5D5B300522958 /* Release */,
			);
			defaultConfigurationIsVisible = 0;
			defaultConfigurationName = Release;
		};
/* End XCConfigurationList section */
	};
	rootObject = 5682E37618E5D5B200522958 /* Project object */;
}
